// !$*UTF8*$!
{
	archiveVersion = 1;
	classes = {
	};
	objectVersion = 50;
	objects = {

/* Begin PBXBuildFile section */
		B3FEFC0920821E2E00561FBB /* AppDelegate.swift in Sources */ = {isa = PBXBuildFile; fileRef = B3FEFC0820821E2E00561FBB /* AppDelegate.swift */; };
		B3FEFC0B20821E2E00561FBB /* ViewController.swift in Sources */ = {isa = PBXBuildFile; fileRef = B3FEFC0A20821E2E00561FBB /* ViewController.swift */; };
		B3FEFC0E20821E2E00561FBB /* Main.storyboard in Resources */ = {isa = PBXBuildFile; fileRef = B3FEFC0C20821E2E00561FBB /* Main.storyboard */; };
		B3FEFC1120821E2E00561FBB /* bazaAuta.xcdatamodeld in Sources */ = {isa = PBXBuildFile; fileRef = B3FEFC0F20821E2E00561FBB /* bazaAuta.xcdatamodeld */; };
		B3FEFC1320821E3200561FBB /* Assets.xcassets in Resources */ = {isa = PBXBuildFile; fileRef = B3FEFC1220821E3200561FBB /* Assets.xcassets */; };
		B3FEFC1620821E3200561FBB /* LaunchScreen.storyboard in Resources */ = {isa = PBXBuildFile; fileRef = B3FEFC1420821E3200561FBB /* LaunchScreen.storyboard */; };
/* End PBXBuildFile section */

/* Begin PBXFileReference section */
		B3FEFC0520821E2E00561FBB /* bazaAuta.app */ = {isa = PBXFileReference; explicitFileType = wrapper.application; includeInIndex = 0; path = bazaAuta.app; sourceTree = BUILT_PRODUCTS_DIR; };
		B3FEFC0820821E2E00561FBB /* AppDelegate.swift */ = {isa = PBXFileReference; lastKnownFileType = sourcecode.swift; path = AppDelegate.swift; sourceTree = "<group>"; };
		B3FEFC0A20821E2E00561FBB /* ViewController.swift */ = {isa = PBXFileReference; lastKnownFileType = sourcecode.swift; path = ViewController.swift; sourceTree = "<group>"; };
		B3FEFC0D20821E2E00561FBB /* Base */ = {isa = PBXFileReference; lastKnownFileType = file.storyboard; name = Base; path = Base.lproj/Main.storyboard; sourceTree = "<group>"; };
		B3FEFC1020821E2E00561FBB /* bazaAuta.xcdatamodel */ = {isa = PBXFileReference; lastKnownFileType = wrapper.xcdatamodel; path = bazaAuta.xcdatamodel; sourceTree = "<group>"; };
		B3FEFC1220821E3200561FBB /* Assets.xcassets */ = {isa = PBXFileReference; lastKnownFileType = folder.assetcatalog; path = Assets.xcassets; sourceTree = "<group>"; };
		B3FEFC1520821E3200561FBB /* Base */ = {isa = PBXFileReference; lastKnownFileType = file.storyboard; name = Base; path = Base.lproj/LaunchScreen.storyboard; sourceTree = "<group>"; };
		B3FEFC1720821E3200561FBB /* Info.plist */ = {isa = PBXFileReference; lastKnownFileType = text.plist.xml; path = Info.plist; sourceTree = "<group>"; };
/* End PBXFileReference section */

/* Begin PBXFrameworksBuildPhase section */
		B3FEFC0220821E2E00561FBB /* Frameworks */ = {
			isa = PBXFrameworksBuildPhase;
			buildActionMask = 2147483647;
			files = (
			);
			runOnlyForDeploymentPostprocessing = 0;
		};
/* End PBXFrameworksBuildPhase section */

/* Begin PBXGroup section */
		B3FEFBFC20821E2E00561FBB = {
			isa = PBXGroup;
			children = (
				B3FEFC0720821E2E00561FBB /* bazaAuta */,
				B3FEFC0620821E2E00561FBB /* Products */,
			);
			sourceTree = "<group>";
		};
		B3FEFC0620821E2E00561FBB /* Products */ = {
			isa = PBXGroup;
			children = (
				B3FEFC0520821E2E00561FBB /* bazaAuta.app */,
			);
			name = Products;
			sourceTree = "<group>";
		};
		B3FEFC0720821E2E00561FBB /* bazaAuta */ = {
			isa = PBXGroup;
			children = (
				B3FEFC0820821E2E00561FBB /* AppDelegate.swift */,
				B3FEFC0A20821E2E00561FBB /* ViewController.swift */,
				B3FEFC0C20821E2E00561FBB /* Main.storyboard */,
				B3FEFC1220821E3200561FBB /* Assets.xcassets */,
				B3FEFC1420821E3200561FBB /* LaunchScreen.storyboard */,
				B3FEFC1720821E3200561FBB /* Info.plist */,
				B3FEFC0F20821E2E00561FBB /* bazaAuta.xcdatamodeld */,
			);
			path = bazaAuta;
			sourceTree = "<group>";
		};
/* End PBXGroup section */

/* Begin PBXNativeTarget section */
		B3FEFC0420821E2E00561FBB /* bazaAuta */ = {
			isa = PBXNativeTarget;
			buildConfigurationList = B3FEFC1A20821E3200561FBB /* Build configuration list for PBXNativeTarget "bazaAuta" */;
			buildPhases = (
				B3FEFC0120821E2E00561FBB /* Sources */,
				B3FEFC0220821E2E00561FBB /* Frameworks */,
				B3FEFC0320821E2E00561FBB /* Resources */,
			);
			buildRules = (
			);
			dependencies = (
			);
			name = bazaAuta;
			productName = bazaAuta;
			productReference = B3FEFC0520821E2E00561FBB /* bazaAuta.app */;
			productType = "com.apple.product-type.application";
		};
/* End PBXNativeTarget section */

/* Begin PBXProject section */
		B3FEFBFD20821E2E00561FBB /* Project object */ = {
			isa = PBXProject;
			attributes = {
				LastSwiftUpdateCheck = 0930;
				LastUpgradeCheck = 0930;
				ORGANIZATIONNAME = "Mateusz Matejczyk";
				TargetAttributes = {
					B3FEFC0420821E2E00561FBB = {
						CreatedOnToolsVersion = 9.3;
					};
				};
			};
			buildConfigurationList = B3FEFC0020821E2E00561FBB /* Build configuration list for PBXProject "bazaAuta" */;
			compatibilityVersion = "Xcode 9.3";
			developmentRegion = en;
			hasScannedForEncodings = 0;
			knownRegions = (
				en,
				Base,
			);
			mainGroup = B3FEFBFC20821E2E00561FBB;
			productRefGroup = B3FEFC0620821E2E00561FBB /* Products */;
			projectDirPath = "";
			projectRoot = "";
			targets = (
				B3FEFC0420821E2E00561FBB /* bazaAuta */,
			);
		};
/* End PBXProject section */

/* Begin PBXResourcesBuildPhase section */
		B3FEFC0320821E2E00561FBB /* Resources */ = {
			isa = PBXResourcesBuildPhase;
			buildActionMask = 2147483647;
			files = (
				B3FEFC1620821E3200561FBB /* LaunchScreen.storyboard in Resources */,
				B3FEFC1320821E3200561FBB /* Assets.xcassets in Resources */,
				B3FEFC0E20821E2E00561FBB /* Main.storyboard in Resources */,
			);
			runOnlyForDeploymentPostprocessing = 0;
		};
/* End PBXResourcesBuildPhase section */

/* Begin PBXSourcesBuildPhase section */
		B3FEFC0120821E2E00561FBB /* Sources */ = {
			isa = PBXSourcesBuildPhase;
			buildActionMask = 2147483647;
			files = (
				B3FEFC1120821E2E00561FBB /* bazaAuta.xcdatamodeld in Sources */,
				B3FEFC0B20821E2E00561FBB /* ViewController.swift in Sources */,
				B3FEFC0920821E2E00561FBB /* AppDelegate.swift in Sources */,
			);
			runOnlyForDeploymentPostprocessing = 0;
		};
/* End PBXSourcesBuildPhase section */

/* Begin PBXVariantGroup section */
		B3FEFC0C20821E2E00561FBB /* Main.storyboard */ = {
			isa = PBXVariantGroup;
			children = (
				B3FEFC0D20821E2E00561FBB /* Base */,
			);
			name = Main.storyboard;
			sourceTree = "<group>";
		};
		B3FEFC1420821E3200561FBB /* LaunchScreen.storyboard */ = {
			isa = PBXVariantGroup;
			children = (
				B3FEFC1520821E3200561FBB /* Base */,
			);
			name = LaunchScreen.storyboard;
			sourceTree = "<group>";
		};
/* End PBXVariantGroup section */

/* Begin XCBuildConfiguration section */
		B3FEFC1820821E3200561FBB /* Debug */ = {
			isa = XCBuildConfiguration;
			buildSettings = {
				ALWAYS_SEARCH_USER_PATHS = NO;
				CLANG_ANALYZER_NONNULL = YES;
				CLANG_ANALYZER_NUMBER_OBJECT_CONVERSION = YES_AGGRESSIVE;
				CLANG_CXX_LANGUAGE_STANDARD = "gnu++14";
				CLANG_CXX_LIBRARY = "libc++";
				CLANG_ENABLE_MODULES = YES;
				CLANG_ENABLE_OBJC_ARC = YES;
				CLANG_ENABLE_OBJC_WEAK = YES;
				CLANG_WARN_BLOCK_CAPTURE_AUTORELEASING = YES;
				CLANG_WARN_BOOL_CONVERSION = YES;
				CLANG_WARN_COMMA = YES;
				CLANG_WARN_CONSTANT_CONVERSION = YES;
				CLANG_WARN_DEPRECATED_OBJC_IMPLEMENTATIONS = YES;
				CLANG_WARN_DIRECT_OBJC_ISA_USAGE = YES_ERROR;
				CLANG_WARN_DOCUMENTATION_COMMENTS = YES;
				CLANG_WARN_EMPTY_BODY = YES;
				CLANG_WARN_ENUM_CONVERSION = YES;
				CLANG_WARN_INFINITE_RECURSION = YES;
				CLANG_WARN_INT_CONVERSION = YES;
				CLANG_WARN_NON_LITERAL_NULL_CONVERSION = YES;
				CLANG_WARN_OBJC_IMPLICIT_RETAIN_SELF = YES;
				CLANG_WARN_OBJC_LITERAL_CONVERSION = YES;
				CLANG_WARN_OBJC_ROOT_CLASS = YES_ERROR;
				CLANG_WARN_RANGE_LOOP_ANALYSIS = YES;
				CLANG_WARN_STRICT_PROTOTYPES = YES;
				CLANG_WARN_SUSPICIOUS_MOVE = YES;
				CLANG_WARN_UNGUARDED_AVAILABILITY = YES_AGGRESSIVE;
				CLANG_WARN_UNREACHABLE_CODE = YES;
				CLANG_WARN__DUPLICATE_METHOD_MATCH = YES;
				CODE_SIGN_IDENTITY = "iPhone Developer";
				COPY_PHASE_STRIP = NO;
				DEBUG_INFORMATION_FORMAT = dwarf;
				ENABLE_STRICT_OBJC_MSGSEND = YES;
				ENABLE_TESTABILITY = YES;
				GCC_C_LANGUAGE_STANDARD = gnu11;
				GCC_DYNAMIC_NO_PIC = NO;
				GCC_NO_COMMON_BLOCKS = YES;
				GCC_OPTIMIZATION_LEVEL = 0;
				GCC_PREPROCESSOR_DEFINITIONS = (
					"DEBUG=1",
					"$(inherited)",
				);
				GCC_WARN_64_TO_32_BIT_CONVERSION = YES;
				GCC_WARN_ABOUT_RETURN_TYPE = YES_ERROR;
				GCC_WARN_UNDECLARED_SELECTOR = YES;
				GCC_WARN_UNINITIALIZED_AUTOS = YES_AGGRESSIVE;
				GCC_WARN_UNUSED_FUNCTION = YES;
				GCC_WARN_UNUSED_VARIABLE = YES;
				IPHONEOS_DEPLOYMENT_TARGET = 11.3;
				MTL_ENABLE_DEBUG_INFO = YES;
				ONLY_ACTIVE_ARCH = YES;
				SDKROOT = iphoneos;
				SWIFT_ACTIVE_COMPILATION_CONDITIONS = DEBUG;
				SWIFT_OPTIMIZATION_LEVEL = "-Onone";
			};
			name = Debug;
		};
		B3FEFC1920821E3200561FBB /* Release */ = {
			isa = XCBuildConfiguration;
			buildSettings = {
				ALWAYS_SEARCH_USER_PATHS = NO;
				CLANG_ANALYZER_NONNULL = YES;
				CLANG_ANALYZER_NUMBER_OBJECT_CONVERSION = YES_AGGRESSIVE;
				CLANG_CXX_LANGUAGE_STANDARD = "gnu++14";
				CLANG_CXX_LIBRARY = "libc++";
				CLANG_ENABLE_MODULES = YES;
				CLANG_ENABLE_OBJC_ARC = YES;
				CLANG_ENABLE_OBJC_WEAK = YES;
				CLANG_WARN_BLOCK_CAPTURE_AUTORELEASING = YES;
				CLANG_WARN_BOOL_CONVERSION = YES;
				CLANG_WARN_COMMA = YES;
				CLANG_WARN_CONSTANT_CONVERSION = YES;
				CLANG_WARN_DEPRECATED_OBJC_IMPLEMENTATIONS = YES;
				CLANG_WARN_DIRECT_OBJC_ISA_USAGE = YES_ERROR;
				CLANG_WARN_DOCUMENTATION_COMMENTS = YES;
				CLANG_WARN_EMPTY_BODY = YES;
				CLANG_WARN_ENUM_CONVERSION = YES;
				CLANG_WARN_INFINITE_RECURSION = YES;
				CLANG_WARN_INT_CONVERSION = YES;
				CLANG_WARN_NON_LITERAL_NULL_CONVERSION = YES;
				CLANG_WARN_OBJC_IMPLICIT_RETAIN_SELF = YES;
				CLANG_WARN_OBJC_LITERAL_CONVERSION = YES;
				CLANG_WARN_OBJC_ROOT_CLASS = YES_ERROR;
				CLANG_WARN_RANGE_LOOP_ANALYSIS = YES;
				CLANG_WARN_STRICT_PROTOTYPES = YES;
				CLANG_WARN_SUSPICIOUS_MOVE = YES;
				CLANG_WARN_UNGUARDED_AVAILABILITY = YES_AGGRESSIVE;
				CLANG_WARN_UNREACHABLE_CODE = YES;
				CLANG_WARN__DUPLICATE_METHOD_MATCH = YES;
				CODE_SIGN_IDENTITY = "iPhone Developer";
				COPY_PHASE_STRIP = NO;
				DEBUG_INFORMATION_FORMAT = "dwarf-with-dsym";
				ENABLE_NS_ASSERTIONS = NO;
				ENABLE_STRICT_OBJC_MSGSEND = YES;
				GCC_C_LANGUAGE_STANDARD = gnu11;
				GCC_NO_COMMON_BLOCKS = YES;
				GCC_WARN_64_TO_32_BIT_CONVERSION = YES;
				GCC_WARN_ABOUT_RETURN_TYPE = YES_ERROR;
				GCC_WARN_UNDECLARED_SELECTOR = YES;
				GCC_WARN_UNINITIALIZED_AUTOS = YES_AGGRESSIVE;
				GCC_WARN_UNUSED_FUNCTION = YES;
				GCC_WARN_UNUSED_VARIABLE = YES;
				IPHONEOS_DEPLOYMENT_TARGET = 11.3;
				MTL_ENABLE_DEBUG_INFO = NO;
				SDKROOT = iphoneos;
				SWIFT_COMPILATION_MODE = wholemodule;
				SWIFT_OPTIMIZATION_LEVEL = "-O";
				VALIDATE_PRODUCT = YES;
			};
			name = Release;
		};
		B3FEFC1B20821E3200561FBB /* Debug */ = {
			isa = XCBuildConfiguration;
			buildSettings = {
				ASSETCATALOG_COMPILER_APPICON_NAME = AppIcon;
				CODE_SIGN_STYLE = Automatic;
				DEVELOPMENT_TEAM = 8A9F9TMHD3;
				INFOPLIST_FILE = bazaAuta/Info.plist;
				LD_RUNPATH_SEARCH_PATHS = (
					"$(inherited)",
					"@executable_path/Frameworks",
				);
				PRODUCT_BUNDLE_IDENTIFIER = Matejczyk.bazaAuta;
				PRODUCT_NAME = "$(TARGET_NAME)";
				SWIFT_VERSION = 4.0;
				TARGETED_DEVICE_FAMILY = "1,2";
			};
			name = Debug;
		};
		B3FEFC1C20821E3200561FBB /* Release */ = {
			isa = XCBuildConfiguration;
			buildSettings = {
				ASSETCATALOG_COMPILER_APPICON_NAME = AppIcon;
				CODE_SIGN_STYLE = Automatic;
				DEVELOPMENT_TEAM = 8A9F9TMHD3;
				INFOPLIST_FILE = bazaAuta/Info.plist;
				LD_RUNPATH_SEARCH_PATHS = (
					"$(inherited)",
					"@executable_path/Frameworks",
				);
				PRODUCT_BUNDLE_IDENTIFIER = Matejczyk.bazaAuta;
				PRODUCT_NAME = "$(TARGET_NAME)";
				SWIFT_VERSION = 4.0;
				TARGETED_DEVICE_FAMILY = "1,2";
			};
			name = Release;
		};
/* End XCBuildConfiguration section */

/* Begin XCConfigurationList section */
		B3FEFC0020821E2E00561FBB /* Build configuration list for PBXProject "bazaAuta" */ = {
			isa = XCConfigurationList;
			buildConfigurations = (
				B3FEFC1820821E3200561FBB /* Debug */,
				B3FEFC1920821E3200561FBB /* Release */,
			);
			defaultConfigurationIsVisible = 0;
			defaultConfigurationName = Release;
		};
		B3FEFC1A20821E3200561FBB /* Build configuration list for PBXNativeTarget "bazaAuta" */ = {
			isa = XCConfigurationList;
			buildConfigurations = (
				B3FEFC1B20821E3200561FBB /* Debug */,
				B3FEFC1C20821E3200561FBB /* Release */,
			);
			defaultConfigurationIsVisible = 0;
			defaultConfigurationName = Release;
		};
/* End XCConfigurationList section */

/* Begin XCVersionGroup section */
		B3FEFC0F20821E2E00561FBB /* bazaAuta.xcdatamodeld */ = {
			isa = XCVersionGroup;
			children = (
				B3FEFC1020821E2E00561FBB /* bazaAuta.xcdatamodel */,
			);
			currentVersion = B3FEFC1020821E2E00561FBB /* bazaAuta.xcdatamodel */;
			path = bazaAuta.xcdatamodeld;
			sourceTree = "<group>";
			versionGroupType = wrapper.xcdatamodel;
		};
/* End XCVersionGroup section */
	};
	rootObject = B3FEFBFD20821E2E00561FBB /* Project object */;
}
